// !$*UTF8*$!
{
	archiveVersion = 1;
	classes = {
	};
	objectVersion = 56;
	objects = {

/* Begin PBXBuildFile section */
		4315FD052C912CBC0071D4CE /* SketchView.swift in Sources */ = {isa = PBXBuildFile; fileRef = 4315FD042C912CBC0071D4CE /* SketchView.swift */; };
		439CBC602C35A0270057E352 /* DDADDAApp.swift in Sources */ = {isa = PBXBuildFile; fileRef = 439CBC5F2C35A0270057E352 /* DDADDAApp.swift */; };
		439CBC622C35A0270057E352 /* Persistence.swift in Sources */ = {isa = PBXBuildFile; fileRef = 439CBC612C35A0270057E352 /* Persistence.swift */; };
		439CBC652C35A0270057E352 /* DDADDA.xcdatamodeld in Sources */ = {isa = PBXBuildFile; fileRef = 439CBC632C35A0270057E352 /* DDADDA.xcdatamodeld */; };
		439CBC692C35A0290057E352 /* Assets.xcassets in Resources */ = {isa = PBXBuildFile; fileRef = 439CBC682C35A0290057E352 /* Assets.xcassets */; };
		439CBC6D2C35A0290057E352 /* Preview Assets.xcassets in Resources */ = {isa = PBXBuildFile; fileRef = 439CBC6C2C35A0290057E352 /* Preview Assets.xcassets */; };
		439CBC772C35A0290057E352 /* DDADDATests.swift in Sources */ = {isa = PBXBuildFile; fileRef = 439CBC762C35A0290057E352 /* DDADDATests.swift */; };
		439CBC812C35A0290057E352 /* DDADDAUITests.swift in Sources */ = {isa = PBXBuildFile; fileRef = 439CBC802C35A0290057E352 /* DDADDAUITests.swift */; };
		439CBC832C35A0290057E352 /* DDADDAUITestsLaunchTests.swift in Sources */ = {isa = PBXBuildFile; fileRef = 439CBC822C35A0290057E352 /* DDADDAUITestsLaunchTests.swift */; };
		439CBC932C35A0D20057E352 /* SelectView.swift in Sources */ = {isa = PBXBuildFile; fileRef = 439CBC922C35A0D20057E352 /* SelectView.swift */; };
		439CBC972C35A2680057E352 /* HSSanTokki2.0-Regular.ttf in Resources */ = {isa = PBXBuildFile; fileRef = 439CBC952C35A2680057E352 /* HSSanTokki2.0-Regular.ttf */; };
		439CBC982C35A2680057E352 /* HSSantokki.ttf in Resources */ = {isa = PBXBuildFile; fileRef = 439CBC962C35A2680057E352 /* HSSantokki.ttf */; };
		439CBC9C2C3714970057E352 /* Extension+Font.swift in Sources */ = {isa = PBXBuildFile; fileRef = 439CBC9B2C3714970057E352 /* Extension+Font.swift */; };
		439CBCE32C3FA33E0057E352 /* .gitignore in Resources */ = {isa = PBXBuildFile; fileRef = 439CBCE22C3FA33E0057E352 /* .gitignore */; };
		439CBCE52C4445940057E352 /* Extension+Image.swift in Sources */ = {isa = PBXBuildFile; fileRef = 439CBCE42C4445940057E352 /* Extension+Image.swift */; };
		439CBCEE2C45409B0057E352 /* BackbuttonCustom.swift in Sources */ = {isa = PBXBuildFile; fileRef = 439CBCED2C45409B0057E352 /* BackbuttonCustom.swift */; };
		43FFECC92C4A06AE0022FFA5 /* BookListView.swift in Sources */ = {isa = PBXBuildFile; fileRef = 43FFECC82C4A06AE0022FFA5 /* BookListView.swift */; };
		43FFECCB2C4A06F30022FFA5 /* WordView.swift in Sources */ = {isa = PBXBuildFile; fileRef = 43FFECCA2C4A06F30022FFA5 /* WordView.swift */; };
		43FFECCF2C4C35750022FFA5 /* Extention+View.swift in Sources */ = {isa = PBXBuildFile; fileRef = 43FFECCE2C4C35750022FFA5 /* Extention+View.swift */; };
		43FFECD12C4D3B6F0022FFA5 /* WritingWordList.swift in Sources */ = {isa = PBXBuildFile; fileRef = 43FFECD02C4D3B6F0022FFA5 /* WritingWordList.swift */; };
/* End PBXBuildFile section */

/* Begin PBXContainerItemProxy section */
		439CBC732C35A0290057E352 /* PBXContainerItemProxy */ = {
			isa = PBXContainerItemProxy;
			containerPortal = 439CBC542C35A0270057E352 /* Project object */;
			proxyType = 1;
			remoteGlobalIDString = 439CBC5B2C35A0270057E352;
			remoteInfo = DDADDA;
		};
		439CBC7D2C35A0290057E352 /* PBXContainerItemProxy */ = {
			isa = PBXContainerItemProxy;
			containerPortal = 439CBC542C35A0270057E352 /* Project object */;
			proxyType = 1;
			remoteGlobalIDString = 439CBC5B2C35A0270057E352;
			remoteInfo = DDADDA;
		};
/* End PBXContainerItemProxy section */

/* Begin PBXFileReference section */
		4315FD042C912CBC0071D4CE /* SketchView.swift */ = {isa = PBXFileReference; lastKnownFileType = sourcecode.swift; path = SketchView.swift; sourceTree = "<group>"; };
		439CBC5C2C35A0270057E352 /* DDADDA.app */ = {isa = PBXFileReference; explicitFileType = wrapper.application; includeInIndex = 0; path = DDADDA.app; sourceTree = BUILT_PRODUCTS_DIR; };
		439CBC5F2C35A0270057E352 /* DDADDAApp.swift */ = {isa = PBXFileReference; lastKnownFileType = sourcecode.swift; path = DDADDAApp.swift; sourceTree = "<group>"; };
		439CBC612C35A0270057E352 /* Persistence.swift */ = {isa = PBXFileReference; lastKnownFileType = sourcecode.swift; path = Persistence.swift; sourceTree = "<group>"; };
		439CBC642C35A0270057E352 /* DDADDA.xcdatamodel */ = {isa = PBXFileReference; lastKnownFileType = wrapper.xcdatamodel; path = DDADDA.xcdatamodel; sourceTree = "<group>"; };
		439CBC682C35A0290057E352 /* Assets.xcassets */ = {isa = PBXFileReference; lastKnownFileType = folder.assetcatalog; path = Assets.xcassets; sourceTree = "<group>"; };
		439CBC6A2C35A0290057E352 /* DDADDA.entitlements */ = {isa = PBXFileReference; lastKnownFileType = text.plist.entitlements; path = DDADDA.entitlements; sourceTree = "<group>"; };
		439CBC6C2C35A0290057E352 /* Preview Assets.xcassets */ = {isa = PBXFileReference; lastKnownFileType = folder.assetcatalog; path = "Preview Assets.xcassets"; sourceTree = "<group>"; };
		439CBC722C35A0290057E352 /* DDADDATests.xctest */ = {isa = PBXFileReference; explicitFileType = wrapper.cfbundle; includeInIndex = 0; path = DDADDATests.xctest; sourceTree = BUILT_PRODUCTS_DIR; };
		439CBC762C35A0290057E352 /* DDADDATests.swift */ = {isa = PBXFileReference; lastKnownFileType = sourcecode.swift; path = DDADDATests.swift; sourceTree = "<group>"; };
		439CBC7C2C35A0290057E352 /* DDADDAUITests.xctest */ = {isa = PBXFileReference; explicitFileType = wrapper.cfbundle; includeInIndex = 0; path = DDADDAUITests.xctest; sourceTree = BUILT_PRODUCTS_DIR; };
		439CBC802C35A0290057E352 /* DDADDAUITests.swift */ = {isa = PBXFileReference; lastKnownFileType = sourcecode.swift; path = DDADDAUITests.swift; sourceTree = "<group>"; };
		439CBC822C35A0290057E352 /* DDADDAUITestsLaunchTests.swift */ = {isa = PBXFileReference; lastKnownFileType = sourcecode.swift; path = DDADDAUITestsLaunchTests.swift; sourceTree = "<group>"; };
		439CBC922C35A0D20057E352 /* SelectView.swift */ = {isa = PBXFileReference; lastKnownFileType = sourcecode.swift; path = SelectView.swift; sourceTree = "<group>"; };
		439CBC952C35A2680057E352 /* HSSanTokki2.0-Regular.ttf */ = {isa = PBXFileReference; lastKnownFileType = file; path = "HSSanTokki2.0-Regular.ttf"; sourceTree = "<group>"; };
		439CBC962C35A2680057E352 /* HSSantokki.ttf */ = {isa = PBXFileReference; lastKnownFileType = file; path = HSSantokki.ttf; sourceTree = "<group>"; };
		439CBC992C35A2F30057E352 /* Info.plist */ = {isa = PBXFileReference; lastKnownFileType = text.plist; path = Info.plist; sourceTree = "<group>"; };
		439CBC9B2C3714970057E352 /* Extension+Font.swift */ = {isa = PBXFileReference; lastKnownFileType = sourcecode.swift; path = "Extension+Font.swift"; sourceTree = "<group>"; };
		439CBCE22C3FA33E0057E352 /* .gitignore */ = {isa = PBXFileReference; lastKnownFileType = text; path = .gitignore; sourceTree = "<group>"; };
		439CBCE42C4445940057E352 /* Extension+Image.swift */ = {isa = PBXFileReference; lastKnownFileType = sourcecode.swift; path = "Extension+Image.swift"; sourceTree = "<group>"; };
		439CBCED2C45409B0057E352 /* BackbuttonCustom.swift */ = {isa = PBXFileReference; lastKnownFileType = sourcecode.swift; path = BackbuttonCustom.swift; sourceTree = "<group>"; };
		43FFECC82C4A06AE0022FFA5 /* BookListView.swift */ = {isa = PBXFileReference; lastKnownFileType = sourcecode.swift; path = BookListView.swift; sourceTree = "<group>"; };
		43FFECCA2C4A06F30022FFA5 /* WordView.swift */ = {isa = PBXFileReference; lastKnownFileType = sourcecode.swift; path = WordView.swift; sourceTree = "<group>"; };
		43FFECCE2C4C35750022FFA5 /* Extention+View.swift */ = {isa = PBXFileReference; lastKnownFileType = sourcecode.swift; path = "Extention+View.swift"; sourceTree = "<group>"; };
		43FFECD02C4D3B6F0022FFA5 /* WritingWordList.swift */ = {isa = PBXFileReference; lastKnownFileType = sourcecode.swift; path = WritingWordList.swift; sourceTree = "<group>"; };
/* End PBXFileReference section */

/* Begin PBXFrameworksBuildPhase section */
		439CBC592C35A0270057E352 /* Frameworks */ = {
			isa = PBXFrameworksBuildPhase;
			buildActionMask = 2147483647;
			files = (
			);
			runOnlyForDeploymentPostprocessing = 0;
		};
		439CBC6F2C35A0290057E352 /* Frameworks */ = {
			isa = PBXFrameworksBuildPhase;
			buildActionMask = 2147483647;
			files = (
			);
			runOnlyForDeploymentPostprocessing = 0;
		};
		439CBC792C35A0290057E352 /* Frameworks */ = {
			isa = PBXFrameworksBuildPhase;
			buildActionMask = 2147483647;
			files = (
			);
			runOnlyForDeploymentPostprocessing = 0;
		};
/* End PBXFrameworksBuildPhase section */

/* Begin PBXGroup section */
		4315FD032C912C9F0071D4CE /* SketchView */ = {
			isa = PBXGroup;
			children = (
				4315FD042C912CBC0071D4CE /* SketchView.swift */,
			);
			path = SketchView;
			sourceTree = "<group>";
		};
		439CBC532C35A0270057E352 = {
			isa = PBXGroup;
			children = (
				439CBCE22C3FA33E0057E352 /* .gitignore */,
				439CBC5E2C35A0270057E352 /* DDADDA */,
				439CBC752C35A0290057E352 /* DDADDATests */,
				439CBC7F2C35A0290057E352 /* DDADDAUITests */,
				439CBC5D2C35A0270057E352 /* Products */,
			);
			sourceTree = "<group>";
		};
		439CBC5D2C35A0270057E352 /* Products */ = {
			isa = PBXGroup;
			children = (
				439CBC5C2C35A0270057E352 /* DDADDA.app */,
				439CBC722C35A0290057E352 /* DDADDATests.xctest */,
				439CBC7C2C35A0290057E352 /* DDADDAUITests.xctest */,
			);
			name = Products;
			sourceTree = "<group>";
		};
		439CBC5E2C35A0270057E352 /* DDADDA */ = {
			isa = PBXGroup;
			children = (
				439CBCEA2C453F4F0057E352 /* Manager */,
				439CBC9A2C35A3440057E352 /* Extension */,
				439CBC992C35A2F30057E352 /* Info.plist */,
				439CBC912C35A0BA0057E352 /* Resources */,
				439CBC902C35A0AF0057E352 /* Model */,
				439CBC8F2C35A0A90057E352 /* View */,
				439CBC5F2C35A0270057E352 /* DDADDAApp.swift */,
				439CBC612C35A0270057E352 /* Persistence.swift */,
				439CBC682C35A0290057E352 /* Assets.xcassets */,
				439CBC6A2C35A0290057E352 /* DDADDA.entitlements */,
				439CBC632C35A0270057E352 /* DDADDA.xcdatamodeld */,
				439CBC6B2C35A0290057E352 /* Preview Content */,
			);
			path = DDADDA;
			sourceTree = "<group>";
		};
		439CBC6B2C35A0290057E352 /* Preview Content */ = {
			isa = PBXGroup;
			children = (
				439CBC6C2C35A0290057E352 /* Preview Assets.xcassets */,
			);
			path = "Preview Content";
			sourceTree = "<group>";
		};
		439CBC752C35A0290057E352 /* DDADDATests */ = {
			isa = PBXGroup;
			children = (
				439CBC762C35A0290057E352 /* DDADDATests.swift */,
			);
			path = DDADDATests;
			sourceTree = "<group>";
		};
		439CBC7F2C35A0290057E352 /* DDADDAUITests */ = {
			isa = PBXGroup;
			children = (
				439CBC802C35A0290057E352 /* DDADDAUITests.swift */,
				439CBC822C35A0290057E352 /* DDADDAUITestsLaunchTests.swift */,
			);
			path = DDADDAUITests;
			sourceTree = "<group>";
		};
		439CBC8F2C35A0A90057E352 /* View */ = {
			isa = PBXGroup;
			children = (
				4315FD032C912C9F0071D4CE /* SketchView */,
				43FFECC72C4A06710022FFA5 /* WritingView */,
				439CBC922C35A0D20057E352 /* SelectView.swift */,
			);
			path = View;
			sourceTree = "<group>";
		};
		439CBC902C35A0AF0057E352 /* Model */ = {
			isa = PBXGroup;
			children = (
				43FFECD02C4D3B6F0022FFA5 /* WritingWordList.swift */,
			);
			path = Model;
			sourceTree = "<group>";
		};
		439CBC912C35A0BA0057E352 /* Resources */ = {
			isa = PBXGroup;
			children = (
				439CBC942C35A21D0057E352 /* Font */,
			);
			path = Resources;
			sourceTree = "<group>";
		};
		439CBC942C35A21D0057E352 /* Font */ = {
			isa = PBXGroup;
			children = (
				439CBC962C35A2680057E352 /* HSSantokki.ttf */,
				439CBC952C35A2680057E352 /* HSSanTokki2.0-Regular.ttf */,
			);
			path = Font;
			sourceTree = "<group>";
		};
		439CBC9A2C35A3440057E352 /* Extension */ = {
			isa = PBXGroup;
			children = (
				439CBC9B2C3714970057E352 /* Extension+Font.swift */,
				439CBCE42C4445940057E352 /* Extension+Image.swift */,
				43FFECCE2C4C35750022FFA5 /* Extention+View.swift */,
			);
			path = Extension;
			sourceTree = "<group>";
		};
		439CBCEA2C453F4F0057E352 /* Manager */ = {
			isa = PBXGroup;
			children = (
				439CBCED2C45409B0057E352 /* BackbuttonCustom.swift */,
			);
			path = Manager;
			sourceTree = "<group>";
		};
		43FFECC72C4A06710022FFA5 /* WritingView */ = {
			isa = PBXGroup;
			children = (
				43FFECC82C4A06AE0022FFA5 /* BookListView.swift */,
				43FFECCA2C4A06F30022FFA5 /* WordView.swift */,
			);
			path = WritingView;
			sourceTree = "<group>";
		};
/* End PBXGroup section */

/* Begin PBXNativeTarget section */
		439CBC5B2C35A0270057E352 /* DDADDA */ = {
			isa = PBXNativeTarget;
			buildConfigurationList = 439CBC862C35A0290057E352 /* Build configuration list for PBXNativeTarget "DDADDA" */;
			buildPhases = (
				439CBC582C35A0270057E352 /* Sources */,
				439CBC592C35A0270057E352 /* Frameworks */,
				439CBC5A2C35A0270057E352 /* Resources */,
			);
			buildRules = (
			);
			dependencies = (
			);
			name = DDADDA;
			productName = DDADDA;
			productReference = 439CBC5C2C35A0270057E352 /* DDADDA.app */;
			productType = "com.apple.product-type.application";
		};
		439CBC712C35A0290057E352 /* DDADDATests */ = {
			isa = PBXNativeTarget;
			buildConfigurationList = 439CBC892C35A0290057E352 /* Build configuration list for PBXNativeTarget "DDADDATests" */;
			buildPhases = (
				439CBC6E2C35A0290057E352 /* Sources */,
				439CBC6F2C35A0290057E352 /* Frameworks */,
				439CBC702C35A0290057E352 /* Resources */,
			);
			buildRules = (
			);
			dependencies = (
				439CBC742C35A0290057E352 /* PBXTargetDependency */,
			);
			name = DDADDATests;
			productName = DDADDATests;
			productReference = 439CBC722C35A0290057E352 /* DDADDATests.xctest */;
			productType = "com.apple.product-type.bundle.unit-test";
		};
		439CBC7B2C35A0290057E352 /* DDADDAUITests */ = {
			isa = PBXNativeTarget;
			buildConfigurationList = 439CBC8C2C35A0290057E352 /* Build configuration list for PBXNativeTarget "DDADDAUITests" */;
			buildPhases = (
				439CBC782C35A0290057E352 /* Sources */,
				439CBC792C35A0290057E352 /* Frameworks */,
				439CBC7A2C35A0290057E352 /* Resources */,
			);
			buildRules = (
			);
			dependencies = (
				439CBC7E2C35A0290057E352 /* PBXTargetDependency */,
			);
			name = DDADDAUITests;
			productName = DDADDAUITests;
			productReference = 439CBC7C2C35A0290057E352 /* DDADDAUITests.xctest */;
			productType = "com.apple.product-type.bundle.ui-testing";
		};
/* End PBXNativeTarget section */

/* Begin PBXProject section */
		439CBC542C35A0270057E352 /* Project object */ = {
			isa = PBXProject;
			attributes = {
				BuildIndependentTargetsInParallel = 1;
				LastSwiftUpdateCheck = 1540;
				LastUpgradeCheck = 1540;
				TargetAttributes = {
					439CBC5B2C35A0270057E352 = {
						CreatedOnToolsVersion = 15.4;
					};
					439CBC712C35A0290057E352 = {
						CreatedOnToolsVersion = 15.4;
						TestTargetID = 439CBC5B2C35A0270057E352;
					};
					439CBC7B2C35A0290057E352 = {
						CreatedOnToolsVersion = 15.4;
						TestTargetID = 439CBC5B2C35A0270057E352;
					};
				};
			};
			buildConfigurationList = 439CBC572C35A0270057E352 /* Build configuration list for PBXProject "DDADDA" */;
			compatibilityVersion = "Xcode 14.0";
			developmentRegion = en;
			hasScannedForEncodings = 0;
			knownRegions = (
				en,
				Base,
			);
			mainGroup = 439CBC532C35A0270057E352;
			productRefGroup = 439CBC5D2C35A0270057E352 /* Products */;
			projectDirPath = "";
			projectRoot = "";
			targets = (
				439CBC5B2C35A0270057E352 /* DDADDA */,
				439CBC712C35A0290057E352 /* DDADDATests */,
				439CBC7B2C35A0290057E352 /* DDADDAUITests */,
			);
		};
/* End PBXProject section */

/* Begin PBXResourcesBuildPhase section */
		439CBC5A2C35A0270057E352 /* Resources */ = {
			isa = PBXResourcesBuildPhase;
			buildActionMask = 2147483647;
			files = (
				439CBCE32C3FA33E0057E352 /* .gitignore in Resources */,
				439CBC982C35A2680057E352 /* HSSantokki.ttf in Resources */,
				439CBC6D2C35A0290057E352 /* Preview Assets.xcassets in Resources */,
				439CBC692C35A0290057E352 /* Assets.xcassets in Resources */,
				439CBC972C35A2680057E352 /* HSSanTokki2.0-Regular.ttf in Resources */,
			);
			runOnlyForDeploymentPostprocessing = 0;
		};
		439CBC702C35A0290057E352 /* Resources */ = {
			isa = PBXResourcesBuildPhase;
			buildActionMask = 2147483647;
			files = (
			);
			runOnlyForDeploymentPostprocessing = 0;
		};
		439CBC7A2C35A0290057E352 /* Resources */ = {
			isa = PBXResourcesBuildPhase;
			buildActionMask = 2147483647;
			files = (
			);
			runOnlyForDeploymentPostprocessing = 0;
		};
/* End PBXResourcesBuildPhase section */

/* Begin PBXSourcesBuildPhase section */
		439CBC582C35A0270057E352 /* Sources */ = {
			isa = PBXSourcesBuildPhase;
			buildActionMask = 2147483647;
			files = (
				439CBC9C2C3714970057E352 /* Extension+Font.swift in Sources */,
				43FFECCF2C4C35750022FFA5 /* Extention+View.swift in Sources */,
				439CBC932C35A0D20057E352 /* SelectView.swift in Sources */,
				439CBC602C35A0270057E352 /* DDADDAApp.swift in Sources */,
				4315FD052C912CBC0071D4CE /* SketchView.swift in Sources */,
				439CBC652C35A0270057E352 /* DDADDA.xcdatamodeld in Sources */,
				439CBCE52C4445940057E352 /* Extension+Image.swift in Sources */,
				43FFECCB2C4A06F30022FFA5 /* WordView.swift in Sources */,
				43FFECD12C4D3B6F0022FFA5 /* WritingWordList.swift in Sources */,
				43FFECC92C4A06AE0022FFA5 /* BookListView.swift in Sources */,
				439CBC622C35A0270057E352 /* Persistence.swift in Sources */,
				439CBCEE2C45409B0057E352 /* BackbuttonCustom.swift in Sources */,
			);
			runOnlyForDeploymentPostprocessing = 0;
		};
		439CBC6E2C35A0290057E352 /* Sources */ = {
			isa = PBXSourcesBuildPhase;
			buildActionMask = 2147483647;
			files = (
				439CBC772C35A0290057E352 /* DDADDATests.swift in Sources */,
			);
			runOnlyForDeploymentPostprocessing = 0;
		};
		439CBC782C35A0290057E352 /* Sources */ = {
			isa = PBXSourcesBuildPhase;
			buildActionMask = 2147483647;
			files = (
				439CBC832C35A0290057E352 /* DDADDAUITestsLaunchTests.swift in Sources */,
				439CBC812C35A0290057E352 /* DDADDAUITests.swift in Sources */,
			);
			runOnlyForDeploymentPostprocessing = 0;
		};
/* End PBXSourcesBuildPhase section */

/* Begin PBXTargetDependency section */
		439CBC742C35A0290057E352 /* PBXTargetDependency */ = {
			isa = PBXTargetDependency;
			target = 439CBC5B2C35A0270057E352 /* DDADDA */;
			targetProxy = 439CBC732C35A0290057E352 /* PBXContainerItemProxy */;
		};
		439CBC7E2C35A0290057E352 /* PBXTargetDependency */ = {
			isa = PBXTargetDependency;
			target = 439CBC5B2C35A0270057E352 /* DDADDA */;
			targetProxy = 439CBC7D2C35A0290057E352 /* PBXContainerItemProxy */;
		};
/* End PBXTargetDependency section */

/* Begin XCBuildConfiguration section */
		439CBC842C35A0290057E352 /* Debug */ = {
			isa = XCBuildConfiguration;
			buildSettings = {
				ALWAYS_SEARCH_USER_PATHS = NO;
				ASSETCATALOG_COMPILER_GENERATE_SWIFT_ASSET_SYMBOL_EXTENSIONS = YES;
				CLANG_ANALYZER_NONNULL = YES;
				CLANG_ANALYZER_NUMBER_OBJECT_CONVERSION = YES_AGGRESSIVE;
				CLANG_CXX_LANGUAGE_STANDARD = "gnu++20";
				CLANG_ENABLE_MODULES = YES;
				CLANG_ENABLE_OBJC_ARC = YES;
				CLANG_ENABLE_OBJC_WEAK = YES;
				CLANG_WARN_BLOCK_CAPTURE_AUTORELEASING = YES;
				CLANG_WARN_BOOL_CONVERSION = YES;
				CLANG_WARN_COMMA = YES;
				CLANG_WARN_CONSTANT_CONVERSION = YES;
				CLANG_WARN_DEPRECATED_OBJC_IMPLEMENTATIONS = YES;
				CLANG_WARN_DIRECT_OBJC_ISA_USAGE = YES_ERROR;
				CLANG_WARN_DOCUMENTATION_COMMENTS = YES;
				CLANG_WARN_EMPTY_BODY = YES;
				CLANG_WARN_ENUM_CONVERSION = YES;
				CLANG_WARN_INFINITE_RECURSION = YES;
				CLANG_WARN_INT_CONVERSION = YES;
				CLANG_WARN_NON_LITERAL_NULL_CONVERSION = YES;
				CLANG_WARN_OBJC_IMPLICIT_RETAIN_SELF = YES;
				CLANG_WARN_OBJC_LITERAL_CONVERSION = YES;
				CLANG_WARN_OBJC_ROOT_CLASS = YES_ERROR;
				CLANG_WARN_QUOTED_INCLUDE_IN_FRAMEWORK_HEADER = YES;
				CLANG_WARN_RANGE_LOOP_ANALYSIS = YES;
				CLANG_WARN_STRICT_PROTOTYPES = YES;
				CLANG_WARN_SUSPICIOUS_MOVE = YES;
				CLANG_WARN_UNGUARDED_AVAILABILITY = YES_AGGRESSIVE;
				CLANG_WARN_UNREACHABLE_CODE = YES;
				CLANG_WARN__DUPLICATE_METHOD_MATCH = YES;
				COPY_PHASE_STRIP = NO;
				DEBUG_INFORMATION_FORMAT = dwarf;
				ENABLE_STRICT_OBJC_MSGSEND = YES;
				ENABLE_TESTABILITY = YES;
				ENABLE_USER_SCRIPT_SANDBOXING = YES;
				GCC_C_LANGUAGE_STANDARD = gnu17;
				GCC_DYNAMIC_NO_PIC = NO;
				GCC_NO_COMMON_BLOCKS = YES;
				GCC_OPTIMIZATION_LEVEL = 0;
				GCC_PREPROCESSOR_DEFINITIONS = (
					"DEBUG=1",
					"$(inherited)",
				);
				GCC_WARN_64_TO_32_BIT_CONVERSION = YES;
				GCC_WARN_ABOUT_RETURN_TYPE = YES_ERROR;
				GCC_WARN_UNDECLARED_SELECTOR = YES;
				GCC_WARN_UNINITIALIZED_AUTOS = YES_AGGRESSIVE;
				GCC_WARN_UNUSED_FUNCTION = YES;
				GCC_WARN_UNUSED_VARIABLE = YES;
				LOCALIZATION_PREFERS_STRING_CATALOGS = YES;
				MTL_ENABLE_DEBUG_INFO = INCLUDE_SOURCE;
				MTL_FAST_MATH = YES;
				ONLY_ACTIVE_ARCH = YES;
				SWIFT_ACTIVE_COMPILATION_CONDITIONS = "DEBUG $(inherited)";
				SWIFT_OPTIMIZATION_LEVEL = "-Onone";
			};
			name = Debug;
		};
		439CBC852C35A0290057E352 /* Release */ = {
			isa = XCBuildConfiguration;
			buildSettings = {
				ALWAYS_SEARCH_USER_PATHS = NO;
				ASSETCATALOG_COMPILER_GENERATE_SWIFT_ASSET_SYMBOL_EXTENSIONS = YES;
				CLANG_ANALYZER_NONNULL = YES;
				CLANG_ANALYZER_NUMBER_OBJECT_CONVERSION = YES_AGGRESSIVE;
				CLANG_CXX_LANGUAGE_STANDARD = "gnu++20";
				CLANG_ENABLE_MODULES = YES;
				CLANG_ENABLE_OBJC_ARC = YES;
				CLANG_ENABLE_OBJC_WEAK = YES;
				CLANG_WARN_BLOCK_CAPTURE_AUTORELEASING = YES;
				CLANG_WARN_BOOL_CONVERSION = YES;
				CLANG_WARN_COMMA = YES;
				CLANG_WARN_CONSTANT_CONVERSION = YES;
				CLANG_WARN_DEPRECATED_OBJC_IMPLEMENTATIONS = YES;
				CLANG_WARN_DIRECT_OBJC_ISA_USAGE = YES_ERROR;
				CLANG_WARN_DOCUMENTATION_COMMENTS = YES;
				CLANG_WARN_EMPTY_BODY = YES;
				CLANG_WARN_ENUM_CONVERSION = YES;
				CLANG_WARN_INFINITE_RECURSION = YES;
				CLANG_WARN_INT_CONVERSION = YES;
				CLANG_WARN_NON_LITERAL_NULL_CONVERSION = YES;
				CLANG_WARN_OBJC_IMPLICIT_RETAIN_SELF = YES;
				CLANG_WARN_OBJC_LITERAL_CONVERSION = YES;
				CLANG_WARN_OBJC_ROOT_CLASS = YES_ERROR;
				CLANG_WARN_QUOTED_INCLUDE_IN_FRAMEWORK_HEADER = YES;
				CLANG_WARN_RANGE_LOOP_ANALYSIS = YES;
				CLANG_WARN_STRICT_PROTOTYPES = YES;
				CLANG_WARN_SUSPICIOUS_MOVE = YES;
				CLANG_WARN_UNGUARDED_AVAILABILITY = YES_AGGRESSIVE;
				CLANG_WARN_UNREACHABLE_CODE = YES;
				CLANG_WARN__DUPLICATE_METHOD_MATCH = YES;
				COPY_PHASE_STRIP = NO;
				DEBUG_INFORMATION_FORMAT = "dwarf-with-dsym";
				ENABLE_NS_ASSERTIONS = NO;
				ENABLE_STRICT_OBJC_MSGSEND = YES;
				ENABLE_USER_SCRIPT_SANDBOXING = YES;
				GCC_C_LANGUAGE_STANDARD = gnu17;
				GCC_NO_COMMON_BLOCKS = YES;
				GCC_WARN_64_TO_32_BIT_CONVERSION = YES;
				GCC_WARN_ABOUT_RETURN_TYPE = YES_ERROR;
				GCC_WARN_UNDECLARED_SELECTOR = YES;
				GCC_WARN_UNINITIALIZED_AUTOS = YES_AGGRESSIVE;
				GCC_WARN_UNUSED_FUNCTION = YES;
				GCC_WARN_UNUSED_VARIABLE = YES;
				LOCALIZATION_PREFERS_STRING_CATALOGS = YES;
				MTL_ENABLE_DEBUG_INFO = NO;
				MTL_FAST_MATH = YES;
				SWIFT_COMPILATION_MODE = wholemodule;
			};
			name = Release;
		};
		439CBC872C35A0290057E352 /* Debug */ = {
			isa = XCBuildConfiguration;
			buildSettings = {
				ASSETCATALOG_COMPILER_APPICON_NAME = AppIcon;
				ASSETCATALOG_COMPILER_GLOBAL_ACCENT_COLOR_NAME = AccentColor;
				CODE_SIGN_ENTITLEMENTS = DDADDA/DDADDA.entitlements;
				CODE_SIGN_STYLE = Automatic;
				CURRENT_PROJECT_VERSION = 1;
				DEVELOPMENT_ASSET_PATHS = "\"DDADDA/Preview Content\"";
				DEVELOPMENT_TEAM = 6CQ3CNQ79S;
				ENABLE_HARDENED_RUNTIME = YES;
				ENABLE_PREVIEWS = YES;
				GENERATE_INFOPLIST_FILE = YES;
				INFOPLIST_FILE = DDADDA/Info.plist;
				"INFOPLIST_KEY_UIApplicationSceneManifest_Generation[sdk=iphoneos*]" = YES;
				"INFOPLIST_KEY_UIApplicationSceneManifest_Generation[sdk=iphonesimulator*]" = YES;
				"INFOPLIST_KEY_UIApplicationSupportsIndirectInputEvents[sdk=iphoneos*]" = YES;
				"INFOPLIST_KEY_UIApplicationSupportsIndirectInputEvents[sdk=iphonesimulator*]" = YES;
				"INFOPLIST_KEY_UILaunchScreen_Generation[sdk=iphoneos*]" = YES;
				"INFOPLIST_KEY_UILaunchScreen_Generation[sdk=iphonesimulator*]" = YES;
				"INFOPLIST_KEY_UIStatusBarStyle[sdk=iphoneos*]" = UIStatusBarStyleDefault;
				"INFOPLIST_KEY_UIStatusBarStyle[sdk=iphonesimulator*]" = UIStatusBarStyleDefault;
				INFOPLIST_KEY_UISupportedInterfaceOrientations_iPad = "UIInterfaceOrientationPortrait UIInterfaceOrientationPortraitUpsideDown UIInterfaceOrientationLandscapeLeft UIInterfaceOrientationLandscapeRight";
				INFOPLIST_KEY_UISupportedInterfaceOrientations_iPhone = "UIInterfaceOrientationPortrait UIInterfaceOrientationLandscapeLeft UIInterfaceOrientationLandscapeRight";
				IPHONEOS_DEPLOYMENT_TARGET = 17.5;
				LD_RUNPATH_SEARCH_PATHS = "@executable_path/Frameworks";
				"LD_RUNPATH_SEARCH_PATHS[sdk=macosx*]" = "@executable_path/../Frameworks";
				MACOSX_DEPLOYMENT_TARGET = 14.1;
				MARKETING_VERSION = 1.0;
				PRODUCT_BUNDLE_IDENTIFIER = LegendOfJelTa.DDADDA;
				PRODUCT_NAME = "$(TARGET_NAME)";
				SDKROOT = auto;
				SUPPORTED_PLATFORMS = "iphoneos iphonesimulator macosx";
				SWIFT_EMIT_LOC_STRINGS = YES;
				SWIFT_VERSION = 5.0;
				TARGETED_DEVICE_FAMILY = "1,2";
			};
			name = Debug;
		};
		439CBC882C35A0290057E352 /* Release */ = {
			isa = XCBuildConfiguration;
			buildSettings = {
				ASSETCATALOG_COMPILER_APPICON_NAME = AppIcon;
				ASSETCATALOG_COMPILER_GLOBAL_ACCENT_COLOR_NAME = AccentColor;
				CODE_SIGN_ENTITLEMENTS = DDADDA/DDADDA.entitlements;
				CODE_SIGN_STYLE = Automatic;
				CURRENT_PROJECT_VERSION = 1;
				DEVELOPMENT_ASSET_PATHS = "\"DDADDA/Preview Content\"";
				DEVELOPMENT_TEAM = 6CQ3CNQ79S;
				ENABLE_HARDENED_RUNTIME = YES;
				ENABLE_PREVIEWS = YES;
				GENERATE_INFOPLIST_FILE = YES;
				INFOPLIST_FILE = DDADDA/Info.plist;
				"INFOPLIST_KEY_UIApplicationSceneManifest_Generation[sdk=iphoneos*]" = YES;
				"INFOPLIST_KEY_UIApplicationSceneManifest_Generation[sdk=iphonesimulator*]" = YES;
				"INFOPLIST_KEY_UIApplicationSupportsIndirectInputEvents[sdk=iphoneos*]" = YES;
				"INFOPLIST_KEY_UIApplicationSupportsIndirectInputEvents[sdk=iphonesimulator*]" = YES;
				"INFOPLIST_KEY_UILaunchScreen_Generation[sdk=iphoneos*]" = YES;
				"INFOPLIST_KEY_UILaunchScreen_Generation[sdk=iphonesimulator*]" = YES;
				"INFOPLIST_KEY_UIStatusBarStyle[sdk=iphoneos*]" = UIStatusBarStyleDefault;
				"INFOPLIST_KEY_UIStatusBarStyle[sdk=iphonesimulator*]" = UIStatusBarStyleDefault;
				INFOPLIST_KEY_UISupportedInterfaceOrientations_iPad = "UIInterfaceOrientationPortrait UIInterfaceOrientationPortraitUpsideDown UIInterfaceOrientationLandscapeLeft UIInterfaceOrientationLandscapeRight";
				INFOPLIST_KEY_UISupportedInterfaceOrientations_iPhone = "UIInterfaceOrientationPortrait UIInterfaceOrientationLandscapeLeft UIInterfaceOrientationLandscapeRight";
				IPHONEOS_DEPLOYMENT_TARGET = 17.5;
				LD_RUNPATH_SEARCH_PATHS = "@executable_path/Frameworks";
				"LD_RUNPATH_SEARCH_PATHS[sdk=macosx*]" = "@executable_path/../Frameworks";
				MACOSX_DEPLOYMENT_TARGET = 14.1;
				MARKETING_VERSION = 1.0;
				PRODUCT_BUNDLE_IDENTIFIER = LegendOfJelTa.DDADDA;
				PRODUCT_NAME = "$(TARGET_NAME)";
				SDKROOT = auto;
				SUPPORTED_PLATFORMS = "iphoneos iphonesimulator macosx";
				SWIFT_EMIT_LOC_STRINGS = YES;
				SWIFT_VERSION = 5.0;
				TARGETED_DEVICE_FAMILY = "1,2";
			};
			name = Release;
		};
		439CBC8A2C35A0290057E352 /* Debug */ = {
			isa = XCBuildConfiguration;
			buildSettings = {
				ALWAYS_EMBED_SWIFT_STANDARD_LIBRARIES = YES;
				BUNDLE_LOADER = "$(TEST_HOST)";
				CODE_SIGN_STYLE = Automatic;
				CURRENT_PROJECT_VERSION = 1;
				DEVELOPMENT_TEAM = 6CQ3CNQ79S;
				GENERATE_INFOPLIST_FILE = YES;
				IPHONEOS_DEPLOYMENT_TARGET = 17.5;
				MACOSX_DEPLOYMENT_TARGET = 14.1;
				MARKETING_VERSION = 1.0;
				PRODUCT_BUNDLE_IDENTIFIER = LegendOfJelTa.DDADDATests;
				PRODUCT_NAME = "$(TARGET_NAME)";
				SDKROOT = auto;
				SUPPORTED_PLATFORMS = "iphoneos iphonesimulator macosx";
				SWIFT_EMIT_LOC_STRINGS = NO;
				SWIFT_VERSION = 5.0;
				TARGETED_DEVICE_FAMILY = "1,2";
				TEST_HOST = "$(BUILT_PRODUCTS_DIR)/DDADDA.app/$(BUNDLE_EXECUTABLE_FOLDER_PATH)/DDADDA";
			};
			name = Debug;
		};
		439CBC8B2C35A0290057E352 /* Release */ = {
			isa = XCBuildConfiguration;
			buildSettings = {
				ALWAYS_EMBED_SWIFT_STANDARD_LIBRARIES = YES;
				BUNDLE_LOADER = "$(TEST_HOST)";
				CODE_SIGN_STYLE = Automatic;
				CURRENT_PROJECT_VERSION = 1;
				DEVELOPMENT_TEAM = 6CQ3CNQ79S;
				GENERATE_INFOPLIST_FILE = YES;
				IPHONEOS_DEPLOYMENT_TARGET = 17.5;
				MACOSX_DEPLOYMENT_TARGET = 14.1;
				MARKETING_VERSION = 1.0;
				PRODUCT_BUNDLE_IDENTIFIER = LegendOfJelTa.DDADDATests;
				PRODUCT_NAME = "$(TARGET_NAME)";
				SDKROOT = auto;
				SUPPORTED_PLATFORMS = "iphoneos iphonesimulator macosx";
				SWIFT_EMIT_LOC_STRINGS = NO;
				SWIFT_VERSION = 5.0;
				TARGETED_DEVICE_FAMILY = "1,2";
				TEST_HOST = "$(BUILT_PRODUCTS_DIR)/DDADDA.app/$(BUNDLE_EXECUTABLE_FOLDER_PATH)/DDADDA";
			};
			name = Release;
		};
		439CBC8D2C35A0290057E352 /* Debug */ = {
			isa = XCBuildConfiguration;
			buildSettings = {
				ALWAYS_EMBED_SWIFT_STANDARD_LIBRARIES = YES;
				CODE_SIGN_STYLE = Automatic;
				CURRENT_PROJECT_VERSION = 1;
				DEVELOPMENT_TEAM = 6CQ3CNQ79S;
				GENERATE_INFOPLIST_FILE = YES;
				IPHONEOS_DEPLOYMENT_TARGET = 17.5;
				MACOSX_DEPLOYMENT_TARGET = 14.1;
				MARKETING_VERSION = 1.0;
				PRODUCT_BUNDLE_IDENTIFIER = LegendOfJelTa.DDADDAUITests;
				PRODUCT_NAME = "$(TARGET_NAME)";
				SDKROOT = auto;
				SUPPORTED_PLATFORMS = "iphoneos iphonesimulator macosx";
				SWIFT_EMIT_LOC_STRINGS = NO;
				SWIFT_VERSION = 5.0;
				TARGETED_DEVICE_FAMILY = "1,2";
				TEST_TARGET_NAME = DDADDA;
			};
			name = Debug;
		};
		439CBC8E2C35A0290057E352 /* Release */ = {
			isa = XCBuildConfiguration;
			buildSettings = {
				ALWAYS_EMBED_SWIFT_STANDARD_LIBRARIES = YES;
				CODE_SIGN_STYLE = Automatic;
				CURRENT_PROJECT_VERSION = 1;
				DEVELOPMENT_TEAM = 6CQ3CNQ79S;
				GENERATE_INFOPLIST_FILE = YES;
				IPHONEOS_DEPLOYMENT_TARGET = 17.5;
				MACOSX_DEPLOYMENT_TARGET = 14.1;
				MARKETING_VERSION = 1.0;
				PRODUCT_BUNDLE_IDENTIFIER = LegendOfJelTa.DDADDAUITests;
				PRODUCT_NAME = "$(TARGET_NAME)";
				SDKROOT = auto;
				SUPPORTED_PLATFORMS = "iphoneos iphonesimulator macosx";
				SWIFT_EMIT_LOC_STRINGS = NO;
				SWIFT_VERSION = 5.0;
				TARGETED_DEVICE_FAMILY = "1,2";
				TEST_TARGET_NAME = DDADDA;
			};
			name = Release;
		};
/* End XCBuildConfiguration section */

/* Begin XCConfigurationList section */
		439CBC572C35A0270057E352 /* Build configuration list for PBXProject "DDADDA" */ = {
			isa = XCConfigurationList;
			buildConfigurations = (
				439CBC842C35A0290057E352 /* Debug */,
				439CBC852C35A0290057E352 /* Release */,
			);
			defaultConfigurationIsVisible = 0;
			defaultConfigurationName = Release;
		};
		439CBC862C35A0290057E352 /* Build configuration list for PBXNativeTarget "DDADDA" */ = {
			isa = XCConfigurationList;
			buildConfigurations = (
				439CBC872C35A0290057E352 /* Debug */,
				439CBC882C35A0290057E352 /* Release */,
			);
			defaultConfigurationIsVisible = 0;
			defaultConfigurationName = Release;
		};
		439CBC892C35A0290057E352 /* Build configuration list for PBXNativeTarget "DDADDATests" */ = {
			isa = XCConfigurationList;
			buildConfigurations = (
				439CBC8A2C35A0290057E352 /* Debug */,
				439CBC8B2C35A0290057E352 /* Release */,
			);
			defaultConfigurationIsVisible = 0;
			defaultConfigurationName = Release;
		};
		439CBC8C2C35A0290057E352 /* Build configuration list for PBXNativeTarget "DDADDAUITests" */ = {
			isa = XCConfigurationList;
			buildConfigurations = (
				439CBC8D2C35A0290057E352 /* Debug */,
				439CBC8E2C35A0290057E352 /* Release */,
			);
			defaultConfigurationIsVisible = 0;
			defaultConfigurationName = Release;
		};
/* End XCConfigurationList section */

/* Begin XCVersionGroup section */
		439CBC632C35A0270057E352 /* DDADDA.xcdatamodeld */ = {
			isa = XCVersionGroup;
			children = (
				439CBC642C35A0270057E352 /* DDADDA.xcdatamodel */,
			);
			currentVersion = 439CBC642C35A0270057E352 /* DDADDA.xcdatamodel */;
			path = DDADDA.xcdatamodeld;
			sourceTree = "<group>";
			versionGroupType = wrapper.xcdatamodel;
		};
/* End XCVersionGroup section */
	};
	rootObject = 439CBC542C35A0270057E352 /* Project object */;
}
